PODS:
  - CocoaAsyncSocket (7.6.3)
  - CocoaLumberjack (3.6.0):
    - CocoaLumberjack/Core (= 3.6.0)
  - CocoaLumberjack/Core (3.6.0)
  - KissXML (5.3.1):
    - KissXML/All (= 5.3.1)
  - KissXML/Additions (5.3.1):
    - KissXML/Core
  - KissXML/All (5.3.1):
    - KissXML/Additions
    - KissXML/Core
  - KissXML/Core (5.3.1)
  - libidn (1.35)
  - MBProgressHUD (1.1.0)
  - XMPPFramework (4.0.0):
    - XMPPFramework/default (= 4.0.0)
  - XMPPFramework/default (4.0.0):
    - CocoaAsyncSocket (~> 7.6)
    - CocoaLumberjack
    - KissXML (~> 5.2)
    - libidn (~> 1.35)

DEPENDENCIES:
  - CocoaAsyncSocket (~> 7.6.3)
  - CocoaLumberjack (~> 3.6.0)
  - KissXML (~> 5.3.1)
  - libidn (~> 1.35)
  - MBProgressHUD (~> 1.1.0)
  - XMPPFramework (~> 4.0.0)

SPEC REPOS:
  https://github.com/cocoapods/specs.git:
    - CocoaAsyncSocket
    - CocoaLumberjack
    - KissXML
    - libidn
    - MBProgressHUD
    - XMPPFramework

SPEC CHECKSUMS:
  CocoaAsyncSocket: eafaa68a7e0ec99ead0a7b35015e0bf25d2c8987
  CocoaLumberjack: 78b0c238666f4f58db069738ec176f4519557516
  KissXML: 5c8e0f2e8b9f071d3e1ae123dec3eb5da615c10c
  libidn: e4576a956b797c584c77aaedfc6e3dd639b61bdc
  MBProgressHUD: e7baa36a220447d8aeb12769bf0585582f3866d9
  XMPPFramework: 5d31ff9f73dce031b24bc49bcf88093627a3a86e

PODFILE CHECKSUM: 2f913dd64e56f31c1c06c4db5cd97b5ceea6614a

COCOAPODS: 1.6.1
